uuid: 698f196c-85e3-4dee-ad50-51307eadbe62
langcode: en
status: true
dependencies:
  config:
    - views.view.categories
  module:
    - views
  theme:
    - evms
id: product_search_block
theme: evms
region: product_search
weight: 0
provider: null
plugin: 'views_exposed_filter_block:categories-page_1'
settings:
  id: 'views_exposed_filter_block:categories-page_1'
  label: ''
  provider: views
  label_display: '0'
  views_label: ''
visibility: {  }
